
Microsoft Visual Studio Solution File, Format Version 12.00
# Visual Studio Version 16
Project("{2150E333-8FDC-42A3-9474-1A3956D46DE8}") = "API", "API", "{34ED9FA0-0437-3156-9598-FA1214F0B22B}"
EndProject
Project("{2150E333-8FDC-42A3-9474-1A3956D46DE8}") = "CMakePredefinedTargets", "CMakePredefinedTargets", "{C954446A-2552-3AA1-BEC0-0437E7B017CD}"
EndProject
Project("{2150E333-8FDC-42A3-9474-1A3956D46DE8}") = "CTestDashboardTargets", "CTestDashboardTargets", "{C924FD7D-56C5-3D3C-A85B-8289BF4F08F7}"
EndProject
Project("{2150E333-8FDC-42A3-9474-1A3956D46DE8}") = "Samples", "Samples", "{4CC595D2-3C3A-3C8B-AE76-62671F381478}"
EndProject
Project("{8BC9CEB8-8B4A-11D0-8D11-00A0C91BC942}") = "ALL_BUILD", "ALL_BUILD.vcxproj", "{FD34F32C-BB5E-3A7E-AC11-C8B54A0ED155}"
	ProjectSection(ProjectDependencies) = postProject
		{2BDE156A-4A8B-30BF-8480-DC2883266B7C} = {2BDE156A-4A8B-30BF-8480-DC2883266B7C}
		{DFE8ADAA-832C-3979-BFC0-C821F9981AE5} = {DFE8ADAA-832C-3979-BFC0-C821F9981AE5}
		{9C459E63-3771-3B0A-A5C8-BB51A0802B85} = {9C459E63-3771-3B0A-A5C8-BB51A0802B85}
		{AEE7B713-5B19-352A-BA4B-943752DC1D59} = {AEE7B713-5B19-352A-BA4B-943752DC1D59}
		{D054C1CF-9C96-334C-AD89-3E1090691CAB} = {D054C1CF-9C96-334C-AD89-3E1090691CAB}
	EndProjectSection
EndProject
Project("{8BC9CEB8-8B4A-11D0-8D11-00A0C91BC942}") = "Continuous", "Continuous.vcxproj", "{45D343C8-2D66-3488-B92D-E6C70CE714CC}"
	ProjectSection(ProjectDependencies) = postProject
		{AEE7B713-5B19-352A-BA4B-943752DC1D59} = {AEE7B713-5B19-352A-BA4B-943752DC1D59}
	EndProjectSection
EndProject
Project("{8BC9CEB8-8B4A-11D0-8D11-00A0C91BC942}") = "Experimental", "Experimental.vcxproj", "{F6838A72-082C-3504-B857-6327D2B85354}"
	ProjectSection(ProjectDependencies) = postProject
		{AEE7B713-5B19-352A-BA4B-943752DC1D59} = {AEE7B713-5B19-352A-BA4B-943752DC1D59}
	EndProjectSection
EndProject
Project("{8BC9CEB8-8B4A-11D0-8D11-00A0C91BC942}") = "INSTALL", "INSTALL.vcxproj", "{30C2ABA3-54AB-3277-90AB-EA1903AB82EB}"
	ProjectSection(ProjectDependencies) = postProject
		{FD34F32C-BB5E-3A7E-AC11-C8B54A0ED155} = {FD34F32C-BB5E-3A7E-AC11-C8B54A0ED155}
		{AEE7B713-5B19-352A-BA4B-943752DC1D59} = {AEE7B713-5B19-352A-BA4B-943752DC1D59}
	EndProjectSection
EndProject
Project("{8BC9CEB8-8B4A-11D0-8D11-00A0C91BC942}") = "LeapC++", "src\LeapC++.vcxproj", "{2BDE156A-4A8B-30BF-8480-DC2883266B7C}"
	ProjectSection(ProjectDependencies) = postProject
		{AEE7B713-5B19-352A-BA4B-943752DC1D59} = {AEE7B713-5B19-352A-BA4B-943752DC1D59}
	EndProjectSection
EndProject
Project("{8BC9CEB8-8B4A-11D0-8D11-00A0C91BC942}") = "LeapC++Test", "src\testing\LeapC++Test.vcxproj", "{DFE8ADAA-832C-3979-BFC0-C821F9981AE5}"
	ProjectSection(ProjectDependencies) = postProject
		{2BDE156A-4A8B-30BF-8480-DC2883266B7C} = {2BDE156A-4A8B-30BF-8480-DC2883266B7C}
		{AEE7B713-5B19-352A-BA4B-943752DC1D59} = {AEE7B713-5B19-352A-BA4B-943752DC1D59}
		{D054C1CF-9C96-334C-AD89-3E1090691CAB} = {D054C1CF-9C96-334C-AD89-3E1090691CAB}
	EndProjectSection
EndProject
Project("{8BC9CEB8-8B4A-11D0-8D11-00A0C91BC942}") = "Nightly", "Nightly.vcxproj", "{FE7D3CD8-9F0E-32AF-967E-3DFB3D251190}"
	ProjectSection(ProjectDependencies) = postProject
		{AEE7B713-5B19-352A-BA4B-943752DC1D59} = {AEE7B713-5B19-352A-BA4B-943752DC1D59}
	EndProjectSection
EndProject
Project("{8BC9CEB8-8B4A-11D0-8D11-00A0C91BC942}") = "NightlyMemoryCheck", "NightlyMemoryCheck.vcxproj", "{73F11A0A-A846-316F-BCA3-CCBBB89802A1}"
	ProjectSection(ProjectDependencies) = postProject
		{AEE7B713-5B19-352A-BA4B-943752DC1D59} = {AEE7B713-5B19-352A-BA4B-943752DC1D59}
	EndProjectSection
EndProject
Project("{8BC9CEB8-8B4A-11D0-8D11-00A0C91BC942}") = "PACKAGE", "PACKAGE.vcxproj", "{D72EEC34-C939-3638-A224-106AFE9CF852}"
	ProjectSection(ProjectDependencies) = postProject
		{FD34F32C-BB5E-3A7E-AC11-C8B54A0ED155} = {FD34F32C-BB5E-3A7E-AC11-C8B54A0ED155}
		{AEE7B713-5B19-352A-BA4B-943752DC1D59} = {AEE7B713-5B19-352A-BA4B-943752DC1D59}
	EndProjectSection
EndProject
Project("{8BC9CEB8-8B4A-11D0-8D11-00A0C91BC942}") = "SampleCxx", "samples\SampleCxx.vcxproj", "{9C459E63-3771-3B0A-A5C8-BB51A0802B85}"
	ProjectSection(ProjectDependencies) = postProject
		{2BDE156A-4A8B-30BF-8480-DC2883266B7C} = {2BDE156A-4A8B-30BF-8480-DC2883266B7C}
		{AEE7B713-5B19-352A-BA4B-943752DC1D59} = {AEE7B713-5B19-352A-BA4B-943752DC1D59}
	EndProjectSection
EndProject
Project("{8BC9CEB8-8B4A-11D0-8D11-00A0C91BC942}") = "ZERO_CHECK", "ZERO_CHECK.vcxproj", "{AEE7B713-5B19-352A-BA4B-943752DC1D59}"
	ProjectSection(ProjectDependencies) = postProject
	EndProjectSection
EndProject
Project("{8BC9CEB8-8B4A-11D0-8D11-00A0C91BC942}") = "gtest", "contrib\gtest-1.7.0\gtest.vcxproj", "{D054C1CF-9C96-334C-AD89-3E1090691CAB}"
	ProjectSection(ProjectDependencies) = postProject
		{AEE7B713-5B19-352A-BA4B-943752DC1D59} = {AEE7B713-5B19-352A-BA4B-943752DC1D59}
	EndProjectSection
EndProject
Global
	GlobalSection(SolutionConfigurationPlatforms) = preSolution
		Debug|x64 = Debug|x64
		Release|x64 = Release|x64
		MinSizeRel|x64 = MinSizeRel|x64
		RelWithDebInfo|x64 = RelWithDebInfo|x64
	EndGlobalSection
	GlobalSection(ProjectConfigurationPlatforms) = postSolution
		{FD34F32C-BB5E-3A7E-AC11-C8B54A0ED155}.Debug|x64.ActiveCfg = Debug|x64
		{FD34F32C-BB5E-3A7E-AC11-C8B54A0ED155}.Debug|x64.Build.0 = Debug|x64
		{FD34F32C-BB5E-3A7E-AC11-C8B54A0ED155}.Release|x64.ActiveCfg = Release|x64
		{FD34F32C-BB5E-3A7E-AC11-C8B54A0ED155}.Release|x64.Build.0 = Release|x64
		{FD34F32C-BB5E-3A7E-AC11-C8B54A0ED155}.MinSizeRel|x64.ActiveCfg = MinSizeRel|x64
		{FD34F32C-BB5E-3A7E-AC11-C8B54A0ED155}.MinSizeRel|x64.Build.0 = MinSizeRel|x64
		{FD34F32C-BB5E-3A7E-AC11-C8B54A0ED155}.RelWithDebInfo|x64.ActiveCfg = RelWithDebInfo|x64
		{FD34F32C-BB5E-3A7E-AC11-C8B54A0ED155}.RelWithDebInfo|x64.Build.0 = RelWithDebInfo|x64
		{45D343C8-2D66-3488-B92D-E6C70CE714CC}.Debug|x64.ActiveCfg = Debug|x64
		{45D343C8-2D66-3488-B92D-E6C70CE714CC}.Release|x64.ActiveCfg = Release|x64
		{45D343C8-2D66-3488-B92D-E6C70CE714CC}.MinSizeRel|x64.ActiveCfg = MinSizeRel|x64
		{45D343C8-2D66-3488-B92D-E6C70CE714CC}.RelWithDebInfo|x64.ActiveCfg = RelWithDebInfo|x64
		{F6838A72-082C-3504-B857-6327D2B85354}.Debug|x64.ActiveCfg = Debug|x64
		{F6838A72-082C-3504-B857-6327D2B85354}.Release|x64.ActiveCfg = Release|x64
		{F6838A72-082C-3504-B857-6327D2B85354}.MinSizeRel|x64.ActiveCfg = MinSizeRel|x64
		{F6838A72-082C-3504-B857-6327D2B85354}.RelWithDebInfo|x64.ActiveCfg = RelWithDebInfo|x64
		{30C2ABA3-54AB-3277-90AB-EA1903AB82EB}.Debug|x64.ActiveCfg = Debug|x64
		{30C2ABA3-54AB-3277-90AB-EA1903AB82EB}.Release|x64.ActiveCfg = Release|x64
		{30C2ABA3-54AB-3277-90AB-EA1903AB82EB}.MinSizeRel|x64.ActiveCfg = MinSizeRel|x64
		{30C2ABA3-54AB-3277-90AB-EA1903AB82EB}.RelWithDebInfo|x64.ActiveCfg = RelWithDebInfo|x64
		{2BDE156A-4A8B-30BF-8480-DC2883266B7C}.Debug|x64.ActiveCfg = Debug|x64
		{2BDE156A-4A8B-30BF-8480-DC2883266B7C}.Debug|x64.Build.0 = Debug|x64
		{2BDE156A-4A8B-30BF-8480-DC2883266B7C}.Release|x64.ActiveCfg = Release|x64
		{2BDE156A-4A8B-30BF-8480-DC2883266B7C}.Release|x64.Build.0 = Release|x64
		{2BDE156A-4A8B-30BF-8480-DC2883266B7C}.MinSizeRel|x64.ActiveCfg = MinSizeRel|x64
		{2BDE156A-4A8B-30BF-8480-DC2883266B7C}.MinSizeRel|x64.Build.0 = MinSizeRel|x64
		{2BDE156A-4A8B-30BF-8480-DC2883266B7C}.RelWithDebInfo|x64.ActiveCfg = RelWithDebInfo|x64
		{2BDE156A-4A8B-30BF-8480-DC2883266B7C}.RelWithDebInfo|x64.Build.0 = RelWithDebInfo|x64
		{DFE8ADAA-832C-3979-BFC0-C821F9981AE5}.Debug|x64.ActiveCfg = Debug|x64
		{DFE8ADAA-832C-3979-BFC0-C821F9981AE5}.Debug|x64.Build.0 = Debug|x64
		{DFE8ADAA-832C-3979-BFC0-C821F9981AE5}.Release|x64.ActiveCfg = Release|x64
		{DFE8ADAA-832C-3979-BFC0-C821F9981AE5}.Release|x64.Build.0 = Release|x64
		{DFE8ADAA-832C-3979-BFC0-C821F9981AE5}.MinSizeRel|x64.ActiveCfg = MinSizeRel|x64
		{DFE8ADAA-832C-3979-BFC0-C821F9981AE5}.MinSizeRel|x64.Build.0 = MinSizeRel|x64
		{DFE8ADAA-832C-3979-BFC0-C821F9981AE5}.RelWithDebInfo|x64.ActiveCfg = RelWithDebInfo|x64
		{DFE8ADAA-832C-3979-BFC0-C821F9981AE5}.RelWithDebInfo|x64.Build.0 = RelWithDebInfo|x64
		{FE7D3CD8-9F0E-32AF-967E-3DFB3D251190}.Debug|x64.ActiveCfg = Debug|x64
		{FE7D3CD8-9F0E-32AF-967E-3DFB3D251190}.Release|x64.ActiveCfg = Release|x64
		{FE7D3CD8-9F0E-32AF-967E-3DFB3D251190}.MinSizeRel|x64.ActiveCfg = MinSizeRel|x64
		{FE7D3CD8-9F0E-32AF-967E-3DFB3D251190}.RelWithDebInfo|x64.ActiveCfg = RelWithDebInfo|x64
		{73F11A0A-A846-316F-BCA3-CCBBB89802A1}.Debug|x64.ActiveCfg = Debug|x64
		{73F11A0A-A846-316F-BCA3-CCBBB89802A1}.Release|x64.ActiveCfg = Release|x64
		{73F11A0A-A846-316F-BCA3-CCBBB89802A1}.MinSizeRel|x64.ActiveCfg = MinSizeRel|x64
		{73F11A0A-A846-316F-BCA3-CCBBB89802A1}.RelWithDebInfo|x64.ActiveCfg = RelWithDebInfo|x64
		{D72EEC34-C939-3638-A224-106AFE9CF852}.Debug|x64.ActiveCfg = Debug|x64
		{D72EEC34-C939-3638-A224-106AFE9CF852}.Release|x64.ActiveCfg = Release|x64
		{D72EEC34-C939-3638-A224-106AFE9CF852}.MinSizeRel|x64.ActiveCfg = MinSizeRel|x64
		{D72EEC34-C939-3638-A224-106AFE9CF852}.RelWithDebInfo|x64.ActiveCfg = RelWithDebInfo|x64
		{9C459E63-3771-3B0A-A5C8-BB51A0802B85}.Debug|x64.ActiveCfg = Debug|x64
		{9C459E63-3771-3B0A-A5C8-BB51A0802B85}.Debug|x64.Build.0 = Debug|x64
		{9C459E63-3771-3B0A-A5C8-BB51A0802B85}.Release|x64.ActiveCfg = Release|x64
		{9C459E63-3771-3B0A-A5C8-BB51A0802B85}.Release|x64.Build.0 = Release|x64
		{9C459E63-3771-3B0A-A5C8-BB51A0802B85}.MinSizeRel|x64.ActiveCfg = MinSizeRel|x64
		{9C459E63-3771-3B0A-A5C8-BB51A0802B85}.MinSizeRel|x64.Build.0 = MinSizeRel|x64
		{9C459E63-3771-3B0A-A5C8-BB51A0802B85}.RelWithDebInfo|x64.ActiveCfg = RelWithDebInfo|x64
		{9C459E63-3771-3B0A-A5C8-BB51A0802B85}.RelWithDebInfo|x64.Build.0 = RelWithDebInfo|x64
		{AEE7B713-5B19-352A-BA4B-943752DC1D59}.Debug|x64.ActiveCfg = Debug|x64
		{AEE7B713-5B19-352A-BA4B-943752DC1D59}.Debug|x64.Build.0 = Debug|x64
		{AEE7B713-5B19-352A-BA4B-943752DC1D59}.Release|x64.ActiveCfg = Release|x64
		{AEE7B713-5B19-352A-BA4B-943752DC1D59}.Release|x64.Build.0 = Release|x64
		{AEE7B713-5B19-352A-BA4B-943752DC1D59}.MinSizeRel|x64.ActiveCfg = MinSizeRel|x64
		{AEE7B713-5B19-352A-BA4B-943752DC1D59}.MinSizeRel|x64.Build.0 = MinSizeRel|x64
		{AEE7B713-5B19-352A-BA4B-943752DC1D59}.RelWithDebInfo|x64.ActiveCfg = RelWithDebInfo|x64
		{AEE7B713-5B19-352A-BA4B-943752DC1D59}.RelWithDebInfo|x64.Build.0 = RelWithDebInfo|x64
		{D054C1CF-9C96-334C-AD89-3E1090691CAB}.Debug|x64.ActiveCfg = Debug|x64
		{D054C1CF-9C96-334C-AD89-3E1090691CAB}.Debug|x64.Build.0 = Debug|x64
		{D054C1CF-9C96-334C-AD89-3E1090691CAB}.Release|x64.ActiveCfg = Release|x64
		{D054C1CF-9C96-334C-AD89-3E1090691CAB}.Release|x64.Build.0 = Release|x64
		{D054C1CF-9C96-334C-AD89-3E1090691CAB}.MinSizeRel|x64.ActiveCfg = MinSizeRel|x64
		{D054C1CF-9C96-334C-AD89-3E1090691CAB}.MinSizeRel|x64.Build.0 = MinSizeRel|x64
		{D054C1CF-9C96-334C-AD89-3E1090691CAB}.RelWithDebInfo|x64.ActiveCfg = RelWithDebInfo|x64
		{D054C1CF-9C96-334C-AD89-3E1090691CAB}.RelWithDebInfo|x64.Build.0 = RelWithDebInfo|x64
	EndGlobalSection
	GlobalSection(NestedProjects) = preSolution
		{2BDE156A-4A8B-30BF-8480-DC2883266B7C} = {34ED9FA0-0437-3156-9598-FA1214F0B22B}
		{FD34F32C-BB5E-3A7E-AC11-C8B54A0ED155} = {C954446A-2552-3AA1-BEC0-0437E7B017CD}
		{30C2ABA3-54AB-3277-90AB-EA1903AB82EB} = {C954446A-2552-3AA1-BEC0-0437E7B017CD}
		{D72EEC34-C939-3638-A224-106AFE9CF852} = {C954446A-2552-3AA1-BEC0-0437E7B017CD}
		{AEE7B713-5B19-352A-BA4B-943752DC1D59} = {C954446A-2552-3AA1-BEC0-0437E7B017CD}
		{45D343C8-2D66-3488-B92D-E6C70CE714CC} = {C924FD7D-56C5-3D3C-A85B-8289BF4F08F7}
		{F6838A72-082C-3504-B857-6327D2B85354} = {C924FD7D-56C5-3D3C-A85B-8289BF4F08F7}
		{FE7D3CD8-9F0E-32AF-967E-3DFB3D251190} = {C924FD7D-56C5-3D3C-A85B-8289BF4F08F7}
		{73F11A0A-A846-316F-BCA3-CCBBB89802A1} = {C924FD7D-56C5-3D3C-A85B-8289BF4F08F7}
		{9C459E63-3771-3B0A-A5C8-BB51A0802B85} = {4CC595D2-3C3A-3C8B-AE76-62671F381478}
	EndGlobalSection
	GlobalSection(ExtensibilityGlobals) = postSolution
		SolutionGuid = {B1EFD4CC-E676-3BF9-B74D-BE421799B274}
	EndGlobalSection
	GlobalSection(ExtensibilityAddIns) = postSolution
	EndGlobalSection
EndGlobal
